
Microsoft Visual Studio Solution File, Format Version 12.00
# Visual Studio Version 17
VisualStudioVersion = 17.2.32516.85
MinimumVisualStudioVersion = 10.0.40219.1
Project("{FAE04EC0-301F-11D3-BF4B-00C04F79EFBC}") = "14iyun", "14iyun\14iyun.csproj", "{85B61829-9E35-4F06-862A-7C21CA3C4E25}"
EndProject
Global
	GlobalSection(SolutionConfigurationPlatforms) = preSolution
		Debug|Any CPU = Debug|Any CPU
		Release|Any CPU = Release|Any CPU
	EndGlobalSection
	GlobalSection(ProjectConfigurationPlatforms) = postSolution
		{85B61829-9E35-4F06-862A-7C21CA3C4E25}.Debug|Any CPU.ActiveCfg = Debug|Any CPU
		{85B61829-9E35-4F06-862A-7C21CA3C4E25}.Debug|Any CPU.Build.0 = Debug|Any CPU
		{85B61829-9E35-4F06-862A-7C21CA3C4E25}.Release|Any CPU.ActiveCfg = Release|Any CPU
		{85B61829-9E35-4F06-862A-7C21CA3C4E25}.Release|Any CPU.Build.0 = Release|Any CPU
	EndGlobalSection
	GlobalSection(SolutionProperties) = preSolution
		HideSolutionNode = FALSE
	EndGlobalSection
	GlobalSection(ExtensibilityGlobals) = postSolution
		SolutionGuid = {3031291D-55F2-4E10-A65D-F41901FCC132}
	EndGlobalSection
EndGlobal
